// !$*UTF8*$!
{
	archiveVersion = 1;
	classes = {
	};
	objectVersion = 48;
	objects = {

/* Begin PBXBuildFile section */
		3BFFFC9020031A9B00AE74CA /* AppDelegate.m in Sources */ = {isa = PBXBuildFile; fileRef = 3BFFFC8F20031A9B00AE74CA /* AppDelegate.m */; };
		3BFFFC9320031A9B00AE74CA /* ViewController.m in Sources */ = {isa = PBXBuildFile; fileRef = 3BFFFC9220031A9B00AE74CA /* ViewController.m */; };
		3BFFFC9620031A9B00AE74CA /* Main.storyboard in Resources */ = {isa = PBXBuildFile; fileRef = 3BFFFC9420031A9B00AE74CA /* Main.storyboard */; };
		3BFFFC9820031A9B00AE74CA /* Assets.xcassets in Resources */ = {isa = PBXBuildFile; fileRef = 3BFFFC9720031A9B00AE74CA /* Assets.xcassets */; };
		3BFFFC9B20031A9B00AE74CA /* LaunchScreen.storyboard in Resources */ = {isa = PBXBuildFile; fileRef = 3BFFFC9920031A9B00AE74CA /* LaunchScreen.storyboard */; };
		3BFFFC9E20031A9B00AE74CA /* main.m in Sources */ = {isa = PBXBuildFile; fileRef = 3BFFFC9D20031A9B00AE74CA /* main.m */; };
		3BFFFCA820031A9B00AE74CA /* NewDownLoadTaskTests.m in Sources */ = {isa = PBXBuildFile; fileRef = 3BFFFCA720031A9B00AE74CA /* NewDownLoadTaskTests.m */; };
		3BFFFCB320031A9B00AE74CA /* NewDownLoadTaskUITests.m in Sources */ = {isa = PBXBuildFile; fileRef = 3BFFFCB220031A9B00AE74CA /* NewDownLoadTaskUITests.m */; };
/* End PBXBuildFile section */

/* Begin PBXContainerItemProxy section */
		3BFFFCA420031A9B00AE74CA /* PBXContainerItemProxy */ = {
			isa = PBXContainerItemProxy;
			containerPortal = 3BFFFC8320031A9A00AE74CA /* Project object */;
			proxyType = 1;
			remoteGlobalIDString = 3BFFFC8A20031A9B00AE74CA;
			remoteInfo = NewDownLoadTask;
		};
		3BFFFCAF20031A9B00AE74CA /* PBXContainerItemProxy */ = {
			isa = PBXContainerItemProxy;
			containerPortal = 3BFFFC8320031A9A00AE74CA /* Project object */;
			proxyType = 1;
			remoteGlobalIDString = 3BFFFC8A20031A9B00AE74CA;
			remoteInfo = NewDownLoadTask;
		};
/* End PBXContainerItemProxy section */

/* Begin PBXFileReference section */
		3BFFFC8B20031A9B00AE74CA /* NewDownLoadTask.app */ = {isa = PBXFileReference; explicitFileType = wrapper.application; includeInIndex = 0; path = NewDownLoadTask.app; sourceTree = BUILT_PRODUCTS_DIR; };
		3BFFFC8E20031A9B00AE74CA /* AppDelegate.h */ = {isa = PBXFileReference; lastKnownFileType = sourcecode.c.h; path = AppDelegate.h; sourceTree = "<group>"; };
		3BFFFC8F20031A9B00AE74CA /* AppDelegate.m */ = {isa = PBXFileReference; lastKnownFileType = sourcecode.c.objc; path = AppDelegate.m; sourceTree = "<group>"; };
		3BFFFC9120031A9B00AE74CA /* ViewController.h */ = {isa = PBXFileReference; lastKnownFileType = sourcecode.c.h; path = ViewController.h; sourceTree = "<group>"; };
		3BFFFC9220031A9B00AE74CA /* ViewController.m */ = {isa = PBXFileReference; lastKnownFileType = sourcecode.c.objc; path = ViewController.m; sourceTree = "<group>"; };
		3BFFFC9520031A9B00AE74CA /* Base */ = {isa = PBXFileReference; lastKnownFileType = file.storyboard; name = Base; path = Base.lproj/Main.storyboard; sourceTree = "<group>"; };
		3BFFFC9720031A9B00AE74CA /* Assets.xcassets */ = {isa = PBXFileReference; lastKnownFileType = folder.assetcatalog; path = Assets.xcassets; sourceTree = "<group>"; };
		3BFFFC9A20031A9B00AE74CA /* Base */ = {isa = PBXFileReference; lastKnownFileType = file.storyboard; name = Base; path = Base.lproj/LaunchScreen.storyboard; sourceTree = "<group>"; };
		3BFFFC9C20031A9B00AE74CA /* Info.plist */ = {isa = PBXFileReference; lastKnownFileType = text.plist.xml; path = Info.plist; sourceTree = "<group>"; };
		3BFFFC9D20031A9B00AE74CA /* main.m */ = {isa = PBXFileReference; lastKnownFileType = sourcecode.c.objc; path = main.m; sourceTree = "<group>"; };
		3BFFFCA320031A9B00AE74CA /* NewDownLoadTaskTests.xctest */ = {isa = PBXFileReference; explicitFileType = wrapper.cfbundle; includeInIndex = 0; path = NewDownLoadTaskTests.xctest; sourceTree = BUILT_PRODUCTS_DIR; };
		3BFFFCA720031A9B00AE74CA /* NewDownLoadTaskTests.m */ = {isa = PBXFileReference; lastKnownFileType = sourcecode.c.objc; path = NewDownLoadTaskTests.m; sourceTree = "<group>"; };
		3BFFFCA920031A9B00AE74CA /* Info.plist */ = {isa = PBXFileReference; lastKnownFileType = text.plist.xml; path = Info.plist; sourceTree = "<group>"; };
		3BFFFCAE20031A9B00AE74CA /* NewDownLoadTaskUITests.xctest */ = {isa = PBXFileReference; explicitFileType = wrapper.cfbundle; includeInIndex = 0; path = NewDownLoadTaskUITests.xctest; sourceTree = BUILT_PRODUCTS_DIR; };
		3BFFFCB220031A9B00AE74CA /* NewDownLoadTaskUITests.m */ = {isa = PBXFileReference; lastKnownFileType = sourcecode.c.objc; path = NewDownLoadTaskUITests.m; sourceTree = "<group>"; };
		3BFFFCB420031A9B00AE74CA /* Info.plist */ = {isa = PBXFileReference; lastKnownFileType = text.plist.xml; path = Info.plist; sourceTree = "<group>"; };
/* End PBXFileReference section */

/* Begin PBXFrameworksBuildPhase section */
		3BFFFC8820031A9B00AE74CA /* Frameworks */ = {
			isa = PBXFrameworksBuildPhase;
			buildActionMask = 2147483647;
			files = (
			);
			runOnlyForDeploymentPostprocessing = 0;
		};
		3BFFFCA020031A9B00AE74CA /* Frameworks */ = {
			isa = PBXFrameworksBuildPhase;
			buildActionMask = 2147483647;
			files = (
			);
			runOnlyForDeploymentPostprocessing = 0;
		};
		3BFFFCAB20031A9B00AE74CA /* Frameworks */ = {
			isa = PBXFrameworksBuildPhase;
			buildActionMask = 2147483647;
			files = (
			);
			runOnlyForDeploymentPostprocessing = 0;
		};
/* End PBXFrameworksBuildPhase section */

/* Begin PBXGroup section */
		3BFFFC8220031A9A00AE74CA = {
			isa = PBXGroup;
			children = (
				3BFFFC8D20031A9B00AE74CA /* NewDownLoadTask */,
				3BFFFCA620031A9B00AE74CA /* NewDownLoadTaskTests */,
				3BFFFCB120031A9B00AE74CA /* NewDownLoadTaskUITests */,
				3BFFFC8C20031A9B00AE74CA /* Products */,
			);
			sourceTree = "<group>";
		};
		3BFFFC8C20031A9B00AE74CA /* Products */ = {
			isa = PBXGroup;
			children = (
				3BFFFC8B20031A9B00AE74CA /* NewDownLoadTask.app */,
				3BFFFCA320031A9B00AE74CA /* NewDownLoadTaskTests.xctest */,
				3BFFFCAE20031A9B00AE74CA /* NewDownLoadTaskUITests.xctest */,
			);
			name = Products;
			sourceTree = "<group>";
		};
		3BFFFC8D20031A9B00AE74CA /* NewDownLoadTask */ = {
			isa = PBXGroup;
			children = (
				3BFFFC8E20031A9B00AE74CA /* AppDelegate.h */,
				3BFFFC8F20031A9B00AE74CA /* AppDelegate.m */,
				3BFFFC9120031A9B00AE74CA /* ViewController.h */,
				3BFFFC9220031A9B00AE74CA /* ViewController.m */,
				3BFFFC9420031A9B00AE74CA /* Main.storyboard */,
				3BFFFC9720031A9B00AE74CA /* Assets.xcassets */,
				3BFFFC9920031A9B00AE74CA /* LaunchScreen.storyboard */,
				3BFFFC9C20031A9B00AE74CA /* Info.plist */,
				3BFFFC9D20031A9B00AE74CA /* main.m */,
			);
			path = NewDownLoadTask;
			sourceTree = "<group>";
		};
		3BFFFCA620031A9B00AE74CA /* NewDownLoadTaskTests */ = {
			isa = PBXGroup;
			children = (
				3BFFFCA720031A9B00AE74CA /* NewDownLoadTaskTests.m */,
				3BFFFCA920031A9B00AE74CA /* Info.plist */,
			);
			path = NewDownLoadTaskTests;
			sourceTree = "<group>";
		};
		3BFFFCB120031A9B00AE74CA /* NewDownLoadTaskUITests */ = {
			isa = PBXGroup;
			children = (
				3BFFFCB220031A9B00AE74CA /* NewDownLoadTaskUITests.m */,
				3BFFFCB420031A9B00AE74CA /* Info.plist */,
			);
			path = NewDownLoadTaskUITests;
			sourceTree = "<group>";
		};
/* End PBXGroup section */

/* Begin PBXNativeTarget section */
		3BFFFC8A20031A9B00AE74CA /* NewDownLoadTask */ = {
			isa = PBXNativeTarget;
			buildConfigurationList = 3BFFFCB720031A9B00AE74CA /* Build configuration list for PBXNativeTarget "NewDownLoadTask" */;
			buildPhases = (
				3BFFFC8720031A9B00AE74CA /* Sources */,
				3BFFFC8820031A9B00AE74CA /* Frameworks */,
				3BFFFC8920031A9B00AE74CA /* Resources */,
			);
			buildRules = (
			);
			dependencies = (
			);
			name = NewDownLoadTask;
			productName = NewDownLoadTask;
			productReference = 3BFFFC8B20031A9B00AE74CA /* NewDownLoadTask.app */;
			productType = "com.apple.product-type.application";
		};
		3BFFFCA220031A9B00AE74CA /* NewDownLoadTaskTests */ = {
			isa = PBXNativeTarget;
			buildConfigurationList = 3BFFFCBA20031A9B00AE74CA /* Build configuration list for PBXNativeTarget "NewDownLoadTaskTests" */;
			buildPhases = (
				3BFFFC9F20031A9B00AE74CA /* Sources */,
				3BFFFCA020031A9B00AE74CA /* Frameworks */,
				3BFFFCA120031A9B00AE74CA /* Resources */,
			);
			buildRules = (
			);
			dependencies = (
				3BFFFCA520031A9B00AE74CA /* PBXTargetDependency */,
			);
			name = NewDownLoadTaskTests;
			productName = NewDownLoadTaskTests;
			productReference = 3BFFFCA320031A9B00AE74CA /* NewDownLoadTaskTests.xctest */;
			productType = "com.apple.product-type.bundle.unit-test";
		};
		3BFFFCAD20031A9B00AE74CA /* NewDownLoadTaskUITests */ = {
			isa = PBXNativeTarget;
			buildConfigurationList = 3BFFFCBD20031A9B00AE74CA /* Build configuration list for PBXNativeTarget "NewDownLoadTaskUITests" */;
			buildPhases = (
				3BFFFCAA20031A9B00AE74CA /* Sources */,
				3BFFFCAB20031A9B00AE74CA /* Frameworks */,
				3BFFFCAC20031A9B00AE74CA /* Resources */,
			);
			buildRules = (
			);
			dependencies = (
				3BFFFCB020031A9B00AE74CA /* PBXTargetDependency */,
			);
			name = NewDownLoadTaskUITests;
			productName = NewDownLoadTaskUITests;
			productReference = 3BFFFCAE20031A9B00AE74CA /* NewDownLoadTaskUITests.xctest */;
			productType = "com.apple.product-type.bundle.ui-testing";
		};
/* End PBXNativeTarget section */

/* Begin PBXProject section */
		3BFFFC8320031A9A00AE74CA /* Project object */ = {
			isa = PBXProject;
			attributes = {
				LastUpgradeCheck = 0920;
				ORGANIZATIONNAME = "众鑫贷";
				TargetAttributes = {
					3BFFFC8A20031A9B00AE74CA = {
						CreatedOnToolsVersion = 9.2;
						ProvisioningStyle = Automatic;
					};
					3BFFFCA220031A9B00AE74CA = {
						CreatedOnToolsVersion = 9.2;
						ProvisioningStyle = Automatic;
						TestTargetID = 3BFFFC8A20031A9B00AE74CA;
					};
					3BFFFCAD20031A9B00AE74CA = {
						CreatedOnToolsVersion = 9.2;
						ProvisioningStyle = Automatic;
						TestTargetID = 3BFFFC8A20031A9B00AE74CA;
					};
				};
			};
			buildConfigurationList = 3BFFFC8620031A9A00AE74CA /* Build configuration list for PBXProject "NewDownLoadTask" */;
			compatibilityVersion = "Xcode 8.0";
			developmentRegion = en;
			hasScannedForEncodings = 0;
			knownRegions = (
				en,
				Base,
			);
			mainGroup = 3BFFFC8220031A9A00AE74CA;
			productRefGroup = 3BFFFC8C20031A9B00AE74CA /* Products */;
			projectDirPath = "";
			projectRoot = "";
			targets = (
				3BFFFC8A20031A9B00AE74CA /* NewDownLoadTask */,
				3BFFFCA220031A9B00AE74CA /* NewDownLoadTaskTests */,
				3BFFFCAD20031A9B00AE74CA /* NewDownLoadTaskUITests */,
			);
		};
/* End PBXProject section */

/* Begin PBXResourcesBuildPhase section */
		3BFFFC8920031A9B00AE74CA /* Resources */ = {
			isa = PBXResourcesBuildPhase;
			buildActionMask = 2147483647;
			files = (
				3BFFFC9B20031A9B00AE74CA /* LaunchScreen.storyboard in Resources */,
				3BFFFC9820031A9B00AE74CA /* Assets.xcassets in Resources */,
				3BFFFC9620031A9B00AE74CA /* Main.storyboard in Resources */,
			);
			runOnlyForDeploymentPostprocessing = 0;
		};
		3BFFFCA120031A9B00AE74CA /* Resources */ = {
			isa = PBXResourcesBuildPhase;
			buildActionMask = 2147483647;
			files = (
			);
			runOnlyForDeploymentPostprocessing = 0;
		};
		3BFFFCAC20031A9B00AE74CA /* Resources */ = {
			isa = PBXResourcesBuildPhase;
			buildActionMask = 2147483647;
			files = (
			);
			runOnlyForDeploymentPostprocessing = 0;
		};
/* End PBXResourcesBuildPhase section */

/* Begin PBXSourcesBuildPhase section */
		3BFFFC8720031A9B00AE74CA /* Sources */ = {
			isa = PBXSourcesBuildPhase;
			buildActionMask = 2147483647;
			files = (
				3BFFFC9320031A9B00AE74CA /* ViewController.m in Sources */,
				3BFFFC9E20031A9B00AE74CA /* main.m in Sources */,
				3BFFFC9020031A9B00AE74CA /* AppDelegate.m in Sources */,
			);
			runOnlyForDeploymentPostprocessing = 0;
		};
		3BFFFC9F20031A9B00AE74CA /* Sources */ = {
			isa = PBXSourcesBuildPhase;
			buildActionMask = 2147483647;
			files = (
				3BFFFCA820031A9B00AE74CA /* NewDownLoadTaskTests.m in Sources */,
			);
			runOnlyForDeploymentPostprocessing = 0;
		};
		3BFFFCAA20031A9B00AE74CA /* Sources */ = {
			isa = PBXSourcesBuildPhase;
			buildActionMask = 2147483647;
			files = (
				3BFFFCB320031A9B00AE74CA /* NewDownLoadTaskUITests.m in Sources */,
			);
			runOnlyForDeploymentPostprocessing = 0;
		};
/* End PBXSourcesBuildPhase section */

/* Begin PBXTargetDependency section */
		3BFFFCA520031A9B00AE74CA /* PBXTargetDependency */ = {
			isa = PBXTargetDependency;
			target = 3BFFFC8A20031A9B00AE74CA /* NewDownLoadTask */;
			targetProxy = 3BFFFCA420031A9B00AE74CA /* PBXContainerItemProxy */;
		};
		3BFFFCB020031A9B00AE74CA /* PBXTargetDependency */ = {
			isa = PBXTargetDependency;
			target = 3BFFFC8A20031A9B00AE74CA /* NewDownLoadTask */;
			targetProxy = 3BFFFCAF20031A9B00AE74CA /* PBXContainerItemProxy */;
		};
/* End PBXTargetDependency section */

/* Begin PBXVariantGroup section */
		3BFFFC9420031A9B00AE74CA /* Main.storyboard */ = {
			isa = PBXVariantGroup;
			children = (
				3BFFFC9520031A9B00AE74CA /* Base */,
			);
			name = Main.storyboard;
			sourceTree = "<group>";
		};
		3BFFFC9920031A9B00AE74CA /* LaunchScreen.storyboard */ = {
			isa = PBXVariantGroup;
			children = (
				3BFFFC9A20031A9B00AE74CA /* Base */,
			);
			name = LaunchScreen.storyboard;
			sourceTree = "<group>";
		};
/* End PBXVariantGroup section */

/* Begin XCBuildConfiguration section */
		3BFFFCB520031A9B00AE74CA /* Debug */ = {
			isa = XCBuildConfiguration;
			buildSettings = {
				ALWAYS_SEARCH_USER_PATHS = NO;
				CLANG_ANALYZER_NONNULL = YES;
				CLANG_ANALYZER_NUMBER_OBJECT_CONVERSION = YES_AGGRESSIVE;
				CLANG_CXX_LANGUAGE_STANDARD = "gnu++14";
				CLANG_CXX_LIBRARY = "libc++";
				CLANG_ENABLE_MODULES = YES;
				CLANG_ENABLE_OBJC_ARC = YES;
				CLANG_WARN_BLOCK_CAPTURE_AUTORELEASING = YES;
				CLANG_WARN_BOOL_CONVERSION = YES;
				CLANG_WARN_COMMA = YES;
				CLANG_WARN_CONSTANT_CONVERSION = YES;
				CLANG_WARN_DIRECT_OBJC_ISA_USAGE = YES_ERROR;
				CLANG_WARN_DOCUMENTATION_COMMENTS = YES;
				CLANG_WARN_EMPTY_BODY = YES;
				CLANG_WARN_ENUM_CONVERSION = YES;
				CLANG_WARN_INFINITE_RECURSION = YES;
				CLANG_WARN_INT_CONVERSION = YES;
				CLANG_WARN_NON_LITERAL_NULL_CONVERSION = YES;
				CLANG_WARN_OBJC_LITERAL_CONVERSION = YES;
				CLANG_WARN_OBJC_ROOT_CLASS = YES_ERROR;
				CLANG_WARN_RANGE_LOOP_ANALYSIS = YES;
				CLANG_WARN_STRICT_PROTOTYPES = YES;
				CLANG_WARN_SUSPICIOUS_MOVE = YES;
				CLANG_WARN_UNGUARDED_AVAILABILITY = YES_AGGRESSIVE;
				CLANG_WARN_UNREACHABLE_CODE = YES;
				CLANG_WARN__DUPLICATE_METHOD_MATCH = YES;
				CODE_SIGN_IDENTITY = "iPhone Developer";
				COPY_PHASE_STRIP = NO;
				DEBUG_INFORMATION_FORMAT = dwarf;
				ENABLE_STRICT_OBJC_MSGSEND = YES;
				ENABLE_TESTABILITY = YES;
				GCC_C_LANGUAGE_STANDARD = gnu11;
				GCC_DYNAMIC_NO_PIC = NO;
				GCC_NO_COMMON_BLOCKS = YES;
				GCC_OPTIMIZATION_LEVEL = 0;
				GCC_PREPROCESSOR_DEFINITIONS = (
					"DEBUG=1",
					"$(inherited)",
				);
				GCC_WARN_64_TO_32_BIT_CONVERSION = YES;
				GCC_WARN_ABOUT_RETURN_TYPE = YES_ERROR;
				GCC_WARN_UNDECLARED_SELECTOR = YES;
				GCC_WARN_UNINITIALIZED_AUTOS = YES_AGGRESSIVE;
				GCC_WARN_UNUSED_FUNCTION = YES;
				GCC_WARN_UNUSED_VARIABLE = YES;
				IPHONEOS_DEPLOYMENT_TARGET = 11.2;
				MTL_ENABLE_DEBUG_INFO = YES;
				ONLY_ACTIVE_ARCH = YES;
				SDKROOT = iphoneos;
			};
			name = Debug;
		};
		3BFFFCB620031A9B00AE74CA /* Release */ = {
			isa = XCBuildConfiguration;
			buildSettings = {
				ALWAYS_SEARCH_USER_PATHS = NO;
				CLANG_ANALYZER_NONNULL = YES;
				CLANG_ANALYZER_NUMBER_OBJECT_CONVERSION = YES_AGGRESSIVE;
				CLANG_CXX_LANGUAGE_STANDARD = "gnu++14";
				CLANG_CXX_LIBRARY = "libc++";
				CLANG_ENABLE_MODULES = YES;
				CLANG_ENABLE_OBJC_ARC = YES;
				CLANG_WARN_BLOCK_CAPTURE_AUTORELEASING = YES;
				CLANG_WARN_BOOL_CONVERSION = YES;
				CLANG_WARN_COMMA = YES;
				CLANG_WARN_CONSTANT_CONVERSION = YES;
				CLANG_WARN_DIRECT_OBJC_ISA_USAGE = YES_ERROR;
				CLANG_WARN_DOCUMENTATION_COMMENTS = YES;
				CLANG_WARN_EMPTY_BODY = YES;
				CLANG_WARN_ENUM_CONVERSION = YES;
				CLANG_WARN_INFINITE_RECURSION = YES;
				CLANG_WARN_INT_CONVERSION = YES;
				CLANG_WARN_NON_LITERAL_NULL_CONVERSION = YES;
				CLANG_WARN_OBJC_LITERAL_CONVERSION = YES;
				CLANG_WARN_OBJC_ROOT_CLASS = YES_ERROR;
				CLANG_WARN_RANGE_LOOP_ANALYSIS = YES;
				CLANG_WARN_STRICT_PROTOTYPES = YES;
				CLANG_WARN_SUSPICIOUS_MOVE = YES;
				CLANG_WARN_UNGUARDED_AVAILABILITY = YES_AGGRESSIVE;
				CLANG_WARN_UNREACHABLE_CODE = YES;
				CLANG_WARN__DUPLICATE_METHOD_MATCH = YES;
				CODE_SIGN_IDENTITY = "iPhone Developer";
				COPY_PHASE_STRIP = NO;
				DEBUG_INFORMATION_FORMAT = "dwarf-with-dsym";
				ENABLE_NS_ASSERTIONS = NO;
				ENABLE_STRICT_OBJC_MSGSEND = YES;
				GCC_C_LANGUAGE_STANDARD = gnu11;
				GCC_NO_COMMON_BLOCKS = YES;
				GCC_WARN_64_TO_32_BIT_CONVERSION = YES;
				GCC_WARN_ABOUT_RETURN_TYPE = YES_ERROR;
				GCC_WARN_UNDECLARED_SELECTOR = YES;
				GCC_WARN_UNINITIALIZED_AUTOS = YES_AGGRESSIVE;
				GCC_WARN_UNUSED_FUNCTION = YES;
				GCC_WARN_UNUSED_VARIABLE = YES;
				IPHONEOS_DEPLOYMENT_TARGET = 11.2;
				MTL_ENABLE_DEBUG_INFO = NO;
				SDKROOT = iphoneos;
				VALIDATE_PRODUCT = YES;
			};
			name = Release;
		};
		3BFFFCB820031A9B00AE74CA /* Debug */ = {
			isa = XCBuildConfiguration;
			buildSettings = {
				ASSETCATALOG_COMPILER_APPICON_NAME = AppIcon;
				CODE_SIGN_STYLE = Automatic;
				INFOPLIST_FILE = NewDownLoadTask/Info.plist;
				LD_RUNPATH_SEARCH_PATHS = "$(inherited) @executable_path/Frameworks";
				PRODUCT_BUNDLE_IDENTIFIER = com.DD.NewDownLoadTask;
				PRODUCT_NAME = "$(TARGET_NAME)";
				TARGETED_DEVICE_FAMILY = "1,2";
			};
			name = Debug;
		};
		3BFFFCB920031A9B00AE74CA /* Release */ = {
			isa = XCBuildConfiguration;
			buildSettings = {
				ASSETCATALOG_COMPILER_APPICON_NAME = AppIcon;
				CODE_SIGN_STYLE = Automatic;
				INFOPLIST_FILE = NewDownLoadTask/Info.plist;
				LD_RUNPATH_SEARCH_PATHS = "$(inherited) @executable_path/Frameworks";
				PRODUCT_BUNDLE_IDENTIFIER = com.DD.NewDownLoadTask;
				PRODUCT_NAME = "$(TARGET_NAME)";
				TARGETED_DEVICE_FAMILY = "1,2";
			};
			name = Release;
		};
		3BFFFCBB20031A9B00AE74CA /* Debug */ = {
			isa = XCBuildConfiguration;
			buildSettings = {
				BUNDLE_LOADER = "$(TEST_HOST)";
				CODE_SIGN_STYLE = Automatic;
				INFOPLIST_FILE = NewDownLoadTaskTests/Info.plist;
				LD_RUNPATH_SEARCH_PATHS = "$(inherited) @executable_path/Frameworks @loader_path/Frameworks";
				PRODUCT_BUNDLE_IDENTIFIER = com.DD.NewDownLoadTaskTests;
				PRODUCT_NAME = "$(TARGET_NAME)";
				TARGETED_DEVICE_FAMILY = "1,2";
				TEST_HOST = "$(BUILT_PRODUCTS_DIR)/NewDownLoadTask.app/NewDownLoadTask";
			};
			name = Debug;
		};
		3BFFFCBC20031A9B00AE74CA /* Release */ = {
			isa = XCBuildConfiguration;
			buildSettings = {
				BUNDLE_LOADER = "$(TEST_HOST)";
				CODE_SIGN_STYLE = Automatic;
				INFOPLIST_FILE = NewDownLoadTaskTests/Info.plist;
				LD_RUNPATH_SEARCH_PATHS = "$(inherited) @executable_path/Frameworks @loader_path/Frameworks";
				PRODUCT_BUNDLE_IDENTIFIER = com.DD.NewDownLoadTaskTests;
				PRODUCT_NAME = "$(TARGET_NAME)";
				TARGETED_DEVICE_FAMILY = "1,2";
				TEST_HOST = "$(BUILT_PRODUCTS_DIR)/NewDownLoadTask.app/NewDownLoadTask";
			};
			name = Release;
		};
		3BFFFCBE20031A9B00AE74CA /* Debug */ = {
			isa = XCBuildConfiguration;
			buildSettings = {
				CODE_SIGN_STYLE = Automatic;
				INFOPLIST_FILE = NewDownLoadTaskUITests/Info.plist;
				LD_RUNPATH_SEARCH_PATHS = "$(inherited) @executable_path/Frameworks @loader_path/Frameworks";
				PRODUCT_BUNDLE_IDENTIFIER = com.DD.NewDownLoadTaskUITests;
				PRODUCT_NAME = "$(TARGET_NAME)";
				TARGETED_DEVICE_FAMILY = "1,2";
				TEST_TARGET_NAME = NewDownLoadTask;
			};
			name = Debug;
		};
		3BFFFCBF20031A9B00AE74CA /* Release */ = {
			isa = XCBuildConfiguration;
			buildSettings = {
				CODE_SIGN_STYLE = Automatic;
				INFOPLIST_FILE = NewDownLoadTaskUITests/Info.plist;
				LD_RUNPATH_SEARCH_PATHS = "$(inherited) @executable_path/Frameworks @loader_path/Frameworks";
				PRODUCT_BUNDLE_IDENTIFIER = com.DD.NewDownLoadTaskUITests;
				PRODUCT_NAME = "$(TARGET_NAME)";
				TARGETED_DEVICE_FAMILY = "1,2";
				TEST_TARGET_NAME = NewDownLoadTask;
			};
			name = Release;
		};
/* End XCBuildConfiguration section */

/* Begin XCConfigurationList section */
		3BFFFC8620031A9A00AE74CA /* Build configuration list for PBXProject "NewDownLoadTask" */ = {
			isa = XCConfigurationList;
			buildConfigurations = (
				3BFFFCB520031A9B00AE74CA /* Debug */,
				3BFFFCB620031A9B00AE74CA /* Release */,
			);
			defaultConfigurationIsVisible = 0;
			defaultConfigurationName = Release;
		};
		3BFFFCB720031A9B00AE74CA /* Build configuration list for PBXNativeTarget "NewDownLoadTask" */ = {
			isa = XCConfigurationList;
			buildConfigurations = (
				3BFFFCB820031A9B00AE74CA /* Debug */,
				3BFFFCB920031A9B00AE74CA /* Release */,
			);
			defaultConfigurationIsVisible = 0;
			defaultConfigurationName = Release;
		};
		3BFFFCBA20031A9B00AE74CA /* Build configuration list for PBXNativeTarget "NewDownLoadTaskTests" */ = {
			isa = XCConfigurationList;
			buildConfigurations = (
				3BFFFCBB20031A9B00AE74CA /* Debug */,
				3BFFFCBC20031A9B00AE74CA /* Release */,
			);
			defaultConfigurationIsVisible = 0;
			defaultConfigurationName = Release;
		};
		3BFFFCBD20031A9B00AE74CA /* Build configuration list for PBXNativeTarget "NewDownLoadTaskUITests" */ = {
			isa = XCConfigurationList;
			buildConfigurations = (
				3BFFFCBE20031A9B00AE74CA /* Debug */,
				3BFFFCBF20031A9B00AE74CA /* Release */,
			);
			defaultConfigurationIsVisible = 0;
			defaultConfigurationName = Release;
		};
/* End XCConfigurationList section */
	};
	rootObject = 3BFFFC8320031A9A00AE74CA /* Project object */;
}
